
Microsoft Visual Studio Solution File, Format Version 12.00
# Visual Studio Version 17
VisualStudioVersion = 17.2.32602.215
MinimumVisualStudioVersion = 10.0.40219.1
Project("{FAE04EC0-301F-11D3-BF4B-00C04F79EFBC}") = "CascadedEditorsSample.Web", "CascadedEditorsSample\CascadedEditorsSample.Web\CascadedEditorsSample.Web.csproj", "{DDA08616-DC6A-4CE6-9098-52E1F41B3384}"
EndProject
Global
	GlobalSection(SolutionConfigurationPlatforms) = preSolution
		Debug|Any CPU = Debug|Any CPU
		Release|Any CPU = Release|Any CPU
	EndGlobalSection
	GlobalSection(ProjectConfigurationPlatforms) = postSolution
		{DDA08616-DC6A-4CE6-9098-52E1F41B3384}.Debug|Any CPU.ActiveCfg = Debug|Any CPU
		{DDA08616-DC6A-4CE6-9098-52E1F41B3384}.Debug|Any CPU.Build.0 = Debug|Any CPU
		{DDA08616-DC6A-4CE6-9098-52E1F41B3384}.Release|Any CPU.ActiveCfg = Release|Any CPU
		{DDA08616-DC6A-4CE6-9098-52E1F41B3384}.Release|Any CPU.Build.0 = Release|Any CPU
	EndGlobalSection
	GlobalSection(SolutionProperties) = preSolution
		HideSolutionNode = FALSE
	EndGlobalSection
	GlobalSection(ExtensibilityGlobals) = postSolution
		SolutionGuid = {C51D65C8-16DA-4100-B645-8185EA7BEAC0}
	EndGlobalSection
EndGlobal
